// !$*UTF8*$!
{
	archiveVersion = 1;
	classes = {
	};
	objectVersion = 56;
	objects = {

/* Begin PBXBuildFile section */
		E4B4EDBB291E79B200C546F3 /* AppDelegate.swift in Sources */ = {isa = PBXBuildFile; fileRef = E4B4EDBA291E79B200C546F3 /* AppDelegate.swift */; };
		E4B4EDBD291E79B200C546F3 /* SceneDelegate.swift in Sources */ = {isa = PBXBuildFile; fileRef = E4B4EDBC291E79B200C546F3 /* SceneDelegate.swift */; };
		E4B4EDC2291E79B200C546F3 /* Main.storyboard in Resources */ = {isa = PBXBuildFile; fileRef = E4B4EDC0291E79B200C546F3 /* Main.storyboard */; };
		E4B4EDC4291E79B300C546F3 /* Assets.xcassets in Resources */ = {isa = PBXBuildFile; fileRef = E4B4EDC3291E79B300C546F3 /* Assets.xcassets */; };
		E4B4EDC7291E79B300C546F3 /* LaunchScreen.storyboard in Resources */ = {isa = PBXBuildFile; fileRef = E4B4EDC5291E79B300C546F3 /* LaunchScreen.storyboard */; };
		E4B4EDD6291E80B800C546F3 /* AssuntoViewController.swift in Sources */ = {isa = PBXBuildFile; fileRef = E4B4EDD5291E80B800C546F3 /* AssuntoViewController.swift */; };
		E4B4EDD8291E80C900C546F3 /* MainViewController.swift in Sources */ = {isa = PBXBuildFile; fileRef = E4B4EDD7291E80C900C546F3 /* MainViewController.swift */; };
		E4B4EDDA291E80D300C546F3 /* SeriesViewController.swift in Sources */ = {isa = PBXBuildFile; fileRef = E4B4EDD9291E80D300C546F3 /* SeriesViewController.swift */; };
		E4B4EDDD291E816700C546F3 /* managerQuiz.swift in Sources */ = {isa = PBXBuildFile; fileRef = E4B4EDDC291E816700C546F3 /* managerQuiz.swift */; };
		E4B4EDDF291E817700C546F3 /* modelQuiz.swift in Sources */ = {isa = PBXBuildFile; fileRef = E4B4EDDE291E817700C546F3 /* modelQuiz.swift */; };
		E4B4EDE1291E819300C546F3 /* ResultadoViewController.swift in Sources */ = {isa = PBXBuildFile; fileRef = E4B4EDE0291E819300C546F3 /* ResultadoViewController.swift */; };
		E4B4EDE3291E81AB00C546F3 /* QuizViewController.swift in Sources */ = {isa = PBXBuildFile; fileRef = E4B4EDE2291E81AB00C546F3 /* QuizViewController.swift */; };
/* End PBXBuildFile section */

/* Begin PBXFileReference section */
		E4B4EDB7291E79B200C546F3 /* pilotohehe.app */ = {isa = PBXFileReference; explicitFileType = wrapper.application; includeInIndex = 0; path = pilotohehe.app; sourceTree = BUILT_PRODUCTS_DIR; };
		E4B4EDBA291E79B200C546F3 /* AppDelegate.swift */ = {isa = PBXFileReference; lastKnownFileType = sourcecode.swift; path = AppDelegate.swift; sourceTree = "<group>"; };
		E4B4EDBC291E79B200C546F3 /* SceneDelegate.swift */ = {isa = PBXFileReference; lastKnownFileType = sourcecode.swift; path = SceneDelegate.swift; sourceTree = "<group>"; };
		E4B4EDC1291E79B200C546F3 /* Base */ = {isa = PBXFileReference; lastKnownFileType = file.storyboard; name = Base; path = Base.lproj/Main.storyboard; sourceTree = "<group>"; };
		E4B4EDC3291E79B300C546F3 /* Assets.xcassets */ = {isa = PBXFileReference; lastKnownFileType = folder.assetcatalog; path = Assets.xcassets; sourceTree = "<group>"; };
		E4B4EDC6291E79B300C546F3 /* Base */ = {isa = PBXFileReference; lastKnownFileType = file.storyboard; name = Base; path = Base.lproj/LaunchScreen.storyboard; sourceTree = "<group>"; };
		E4B4EDC8291E79B300C546F3 /* Info.plist */ = {isa = PBXFileReference; lastKnownFileType = text.plist.xml; path = Info.plist; sourceTree = "<group>"; };
		E4B4EDD5291E80B800C546F3 /* AssuntoViewController.swift */ = {isa = PBXFileReference; lastKnownFileType = sourcecode.swift; path = AssuntoViewController.swift; sourceTree = "<group>"; };
		E4B4EDD7291E80C900C546F3 /* MainViewController.swift */ = {isa = PBXFileReference; lastKnownFileType = sourcecode.swift; path = MainViewController.swift; sourceTree = "<group>"; };
		E4B4EDD9291E80D300C546F3 /* SeriesViewController.swift */ = {isa = PBXFileReference; lastKnownFileType = sourcecode.swift; path = SeriesViewController.swift; sourceTree = "<group>"; };
		E4B4EDDC291E816700C546F3 /* managerQuiz.swift */ = {isa = PBXFileReference; lastKnownFileType = sourcecode.swift; path = managerQuiz.swift; sourceTree = "<group>"; };
		E4B4EDDE291E817700C546F3 /* modelQuiz.swift */ = {isa = PBXFileReference; lastKnownFileType = sourcecode.swift; path = modelQuiz.swift; sourceTree = "<group>"; };
		E4B4EDE0291E819300C546F3 /* ResultadoViewController.swift */ = {isa = PBXFileReference; lastKnownFileType = sourcecode.swift; path = ResultadoViewController.swift; sourceTree = "<group>"; };
		E4B4EDE2291E81AB00C546F3 /* QuizViewController.swift */ = {isa = PBXFileReference; lastKnownFileType = sourcecode.swift; path = QuizViewController.swift; sourceTree = "<group>"; };
/* End PBXFileReference section */

/* Begin PBXFrameworksBuildPhase section */
		E4B4EDB4291E79B200C546F3 /* Frameworks */ = {
			isa = PBXFrameworksBuildPhase;
			buildActionMask = 2147483647;
			files = (
			);
			runOnlyForDeploymentPostprocessing = 0;
		};
/* End PBXFrameworksBuildPhase section */

/* Begin PBXGroup section */
		E4B4EDAE291E79B200C546F3 = {
			isa = PBXGroup;
			children = (
				E4B4EDB9291E79B200C546F3 /* pilotohehe */,
				E4B4EDB8291E79B200C546F3 /* Products */,
			);
			sourceTree = "<group>";
		};
		E4B4EDB8291E79B200C546F3 /* Products */ = {
			isa = PBXGroup;
			children = (
				E4B4EDB7291E79B200C546F3 /* pilotohehe.app */,
			);
			name = Products;
			sourceTree = "<group>";
		};
		E4B4EDB9291E79B200C546F3 /* pilotohehe */ = {
			isa = PBXGroup;
			children = (
				E4B4EDDB291E812C00C546F3 /* Views */,
				E4B4EDCF291E806700C546F3 /* Models */,
				E4B4EDCE291E805C00C546F3 /* Controllers */,
				E4B4EDBA291E79B200C546F3 /* AppDelegate.swift */,
				E4B4EDBC291E79B200C546F3 /* SceneDelegate.swift */,
				E4B4EDC3291E79B300C546F3 /* Assets.xcassets */,
				E4B4EDC8291E79B300C546F3 /* Info.plist */,
			);
			path = pilotohehe;
			sourceTree = "<group>";
		};
		E4B4EDCE291E805C00C546F3 /* Controllers */ = {
			isa = PBXGroup;
			children = (
				E4B4EDD7291E80C900C546F3 /* MainViewController.swift */,
				E4B4EDD9291E80D300C546F3 /* SeriesViewController.swift */,
				E4B4EDD5291E80B800C546F3 /* AssuntoViewController.swift */,
				E4B4EDE2291E81AB00C546F3 /* QuizViewController.swift */,
				E4B4EDE0291E819300C546F3 /* ResultadoViewController.swift */,
			);
			path = Controllers;
			sourceTree = "<group>";
		};
		E4B4EDCF291E806700C546F3 /* Models */ = {
			isa = PBXGroup;
			children = (
				E4B4EDDC291E816700C546F3 /* managerQuiz.swift */,
				E4B4EDDE291E817700C546F3 /* modelQuiz.swift */,
			);
			path = Models;
			sourceTree = "<group>";
		};
		E4B4EDDB291E812C00C546F3 /* Views */ = {
			isa = PBXGroup;
			children = (
				E4B4EDC0291E79B200C546F3 /* Main.storyboard */,
				E4B4EDC5291E79B300C546F3 /* LaunchScreen.storyboard */,
			);
			path = Views;
			sourceTree = "<group>";
		};
/* End PBXGroup section */

/* Begin PBXNativeTarget section */
		E4B4EDB6291E79B200C546F3 /* pilotohehe */ = {
			isa = PBXNativeTarget;
			buildConfigurationList = E4B4EDCB291E79B300C546F3 /* Build configuration list for PBXNativeTarget "pilotohehe" */;
			buildPhases = (
				E4B4EDB3291E79B200C546F3 /* Sources */,
				E4B4EDB4291E79B200C546F3 /* Frameworks */,
				E4B4EDB5291E79B200C546F3 /* Resources */,
			);
			buildRules = (
			);
			dependencies = (
			);
			name = pilotohehe;
			productName = pilotohehe;
			productReference = E4B4EDB7291E79B200C546F3 /* pilotohehe.app */;
			productType = "com.apple.product-type.application";
		};
/* End PBXNativeTarget section */

/* Begin PBXProject section */
		E4B4EDAF291E79B200C546F3 /* Project object */ = {
			isa = PBXProject;
			attributes = {
				BuildIndependentTargetsInParallel = 1;
				LastSwiftUpdateCheck = 1410;
				LastUpgradeCheck = 1410;
				TargetAttributes = {
					E4B4EDB6291E79B200C546F3 = {
						CreatedOnToolsVersion = 14.1;
					};
				};
			};
			buildConfigurationList = E4B4EDB2291E79B200C546F3 /* Build configuration list for PBXProject "pilotohehe" */;
			compatibilityVersion = "Xcode 14.0";
			developmentRegion = en;
			hasScannedForEncodings = 0;
			knownRegions = (
				en,
				Base,
			);
			mainGroup = E4B4EDAE291E79B200C546F3;
			productRefGroup = E4B4EDB8291E79B200C546F3 /* Products */;
			projectDirPath = "";
			projectRoot = "";
			targets = (
				E4B4EDB6291E79B200C546F3 /* pilotohehe */,
			);
		};
/* End PBXProject section */

/* Begin PBXResourcesBuildPhase section */
		E4B4EDB5291E79B200C546F3 /* Resources */ = {
			isa = PBXResourcesBuildPhase;
			buildActionMask = 2147483647;
			files = (
				E4B4EDC7291E79B300C546F3 /* LaunchScreen.storyboard in Resources */,
				E4B4EDC4291E79B300C546F3 /* Assets.xcassets in Resources */,
				E4B4EDC2291E79B200C546F3 /* Main.storyboard in Resources */,
			);
			runOnlyForDeploymentPostprocessing = 0;
		};
/* End PBXResourcesBuildPhase section */

/* Begin PBXSourcesBuildPhase section */
		E4B4EDB3291E79B200C546F3 /* Sources */ = {
			isa = PBXSourcesBuildPhase;
			buildActionMask = 2147483647;
			files = (
				E4B4EDBB291E79B200C546F3 /* AppDelegate.swift in Sources */,
				E4B4EDD6291E80B800C546F3 /* AssuntoViewController.swift in Sources */,
				E4B4EDE1291E819300C546F3 /* ResultadoViewController.swift in Sources */,
				E4B4EDDD291E816700C546F3 /* managerQuiz.swift in Sources */,
				E4B4EDDF291E817700C546F3 /* modelQuiz.swift in Sources */,
				E4B4EDBD291E79B200C546F3 /* SceneDelegate.swift in Sources */,
				E4B4EDE3291E81AB00C546F3 /* QuizViewController.swift in Sources */,
				E4B4EDDA291E80D300C546F3 /* SeriesViewController.swift in Sources */,
				E4B4EDD8291E80C900C546F3 /* MainViewController.swift in Sources */,
			);
			runOnlyForDeploymentPostprocessing = 0;
		};
/* End PBXSourcesBuildPhase section */

/* Begin PBXVariantGroup section */
		E4B4EDC0291E79B200C546F3 /* Main.storyboard */ = {
			isa = PBXVariantGroup;
			children = (
				E4B4EDC1291E79B200C546F3 /* Base */,
			);
			name = Main.storyboard;
			sourceTree = "<group>";
		};
		E4B4EDC5291E79B300C546F3 /* LaunchScreen.storyboard */ = {
			isa = PBXVariantGroup;
			children = (
				E4B4EDC6291E79B300C546F3 /* Base */,
			);
			name = LaunchScreen.storyboard;
			sourceTree = "<group>";
		};
/* End PBXVariantGroup section */

/* Begin XCBuildConfiguration section */
		E4B4EDC9291E79B300C546F3 /* Debug */ = {
			isa = XCBuildConfiguration;
			buildSettings = {
				ALWAYS_SEARCH_USER_PATHS = NO;
				CLANG_ANALYZER_NONNULL = YES;
				CLANG_ANALYZER_NUMBER_OBJECT_CONVERSION = YES_AGGRESSIVE;
				CLANG_CXX_LANGUAGE_STANDARD = "gnu++20";
				CLANG_ENABLE_MODULES = YES;
				CLANG_ENABLE_OBJC_ARC = YES;
				CLANG_ENABLE_OBJC_WEAK = YES;
				CLANG_WARN_BLOCK_CAPTURE_AUTORELEASING = YES;
				CLANG_WARN_BOOL_CONVERSION = YES;
				CLANG_WARN_COMMA = YES;
				CLANG_WARN_CONSTANT_CONVERSION = YES;
				CLANG_WARN_DEPRECATED_OBJC_IMPLEMENTATIONS = YES;
				CLANG_WARN_DIRECT_OBJC_ISA_USAGE = YES_ERROR;
				CLANG_WARN_DOCUMENTATION_COMMENTS = YES;
				CLANG_WARN_EMPTY_BODY = YES;
				CLANG_WARN_ENUM_CONVERSION = YES;
				CLANG_WARN_INFINITE_RECURSION = YES;
				CLANG_WARN_INT_CONVERSION = YES;
				CLANG_WARN_NON_LITERAL_NULL_CONVERSION = YES;
				CLANG_WARN_OBJC_IMPLICIT_RETAIN_SELF = YES;
				CLANG_WARN_OBJC_LITERAL_CONVERSION = YES;
				CLANG_WARN_OBJC_ROOT_CLASS = YES_ERROR;
				CLANG_WARN_QUOTED_INCLUDE_IN_FRAMEWORK_HEADER = YES;
				CLANG_WARN_RANGE_LOOP_ANALYSIS = YES;
				CLANG_WARN_STRICT_PROTOTYPES = YES;
				CLANG_WARN_SUSPICIOUS_MOVE = YES;
				CLANG_WARN_UNGUARDED_AVAILABILITY = YES_AGGRESSIVE;
				CLANG_WARN_UNREACHABLE_CODE = YES;
				CLANG_WARN__DUPLICATE_METHOD_MATCH = YES;
				COPY_PHASE_STRIP = NO;
				DEBUG_INFORMATION_FORMAT = dwarf;
				ENABLE_STRICT_OBJC_MSGSEND = YES;
				ENABLE_TESTABILITY = YES;
				GCC_C_LANGUAGE_STANDARD = gnu11;
				GCC_DYNAMIC_NO_PIC = NO;
				GCC_NO_COMMON_BLOCKS = YES;
				GCC_OPTIMIZATION_LEVEL = 0;
				GCC_PREPROCESSOR_DEFINITIONS = (
					"DEBUG=1",
					"$(inherited)",
				);
				GCC_WARN_64_TO_32_BIT_CONVERSION = YES;
				GCC_WARN_ABOUT_RETURN_TYPE = YES_ERROR;
				GCC_WARN_UNDECLARED_SELECTOR = YES;
				GCC_WARN_UNINITIALIZED_AUTOS = YES_AGGRESSIVE;
				GCC_WARN_UNUSED_FUNCTION = YES;
				GCC_WARN_UNUSED_VARIABLE = YES;
				IPHONEOS_DEPLOYMENT_TARGET = 16.1;
				MTL_ENABLE_DEBUG_INFO = INCLUDE_SOURCE;
				MTL_FAST_MATH = YES;
				ONLY_ACTIVE_ARCH = YES;
				SDKROOT = iphoneos;
				SWIFT_ACTIVE_COMPILATION_CONDITIONS = DEBUG;
				SWIFT_OPTIMIZATION_LEVEL = "-Onone";
			};
			name = Debug;
		};
		E4B4EDCA291E79B300C546F3 /* Release */ = {
			isa = XCBuildConfiguration;
			buildSettings = {
				ALWAYS_SEARCH_USER_PATHS = NO;
				CLANG_ANALYZER_NONNULL = YES;
				CLANG_ANALYZER_NUMBER_OBJECT_CONVERSION = YES_AGGRESSIVE;
				CLANG_CXX_LANGUAGE_STANDARD = "gnu++20";
				CLANG_ENABLE_MODULES = YES;
				CLANG_ENABLE_OBJC_ARC = YES;
				CLANG_ENABLE_OBJC_WEAK = YES;
				CLANG_WARN_BLOCK_CAPTURE_AUTORELEASING = YES;
				CLANG_WARN_BOOL_CONVERSION = YES;
				CLANG_WARN_COMMA = YES;
				CLANG_WARN_CONSTANT_CONVERSION = YES;
				CLANG_WARN_DEPRECATED_OBJC_IMPLEMENTATIONS = YES;
				CLANG_WARN_DIRECT_OBJC_ISA_USAGE = YES_ERROR;
				CLANG_WARN_DOCUMENTATION_COMMENTS = YES;
				CLANG_WARN_EMPTY_BODY = YES;
				CLANG_WARN_ENUM_CONVERSION = YES;
				CLANG_WARN_INFINITE_RECURSION = YES;
				CLANG_WARN_INT_CONVERSION = YES;
				CLANG_WARN_NON_LITERAL_NULL_CONVERSION = YES;
				CLANG_WARN_OBJC_IMPLICIT_RETAIN_SELF = YES;
				CLANG_WARN_OBJC_LITERAL_CONVERSION = YES;
				CLANG_WARN_OBJC_ROOT_CLASS = YES_ERROR;
				CLANG_WARN_QUOTED_INCLUDE_IN_FRAMEWORK_HEADER = YES;
				CLANG_WARN_RANGE_LOOP_ANALYSIS = YES;
				CLANG_WARN_STRICT_PROTOTYPES = YES;
				CLANG_WARN_SUSPICIOUS_MOVE = YES;
				CLANG_WARN_UNGUARDED_AVAILABILITY = YES_AGGRESSIVE;
				CLANG_WARN_UNREACHABLE_CODE = YES;
				CLANG_WARN__DUPLICATE_METHOD_MATCH = YES;
				COPY_PHASE_STRIP = NO;
				DEBUG_INFORMATION_FORMAT = "dwarf-with-dsym";
				ENABLE_NS_ASSERTIONS = NO;
				ENABLE_STRICT_OBJC_MSGSEND = YES;
				GCC_C_LANGUAGE_STANDARD = gnu11;
				GCC_NO_COMMON_BLOCKS = YES;
				GCC_WARN_64_TO_32_BIT_CONVERSION = YES;
				GCC_WARN_ABOUT_RETURN_TYPE = YES_ERROR;
				GCC_WARN_UNDECLARED_SELECTOR = YES;
				GCC_WARN_UNINITIALIZED_AUTOS = YES_AGGRESSIVE;
				GCC_WARN_UNUSED_FUNCTION = YES;
				GCC_WARN_UNUSED_VARIABLE = YES;
				IPHONEOS_DEPLOYMENT_TARGET = 16.1;
				MTL_ENABLE_DEBUG_INFO = NO;
				MTL_FAST_MATH = YES;
				SDKROOT = iphoneos;
				SWIFT_COMPILATION_MODE = wholemodule;
				SWIFT_OPTIMIZATION_LEVEL = "-O";
				VALIDATE_PRODUCT = YES;
			};
			name = Release;
		};
		E4B4EDCC291E79B300C546F3 /* Debug */ = {
			isa = XCBuildConfiguration;
			buildSettings = {
				ASSETCATALOG_COMPILER_APPICON_NAME = AppIcon;
				ASSETCATALOG_COMPILER_GLOBAL_ACCENT_COLOR_NAME = AccentColor;
				CODE_SIGN_STYLE = Automatic;
				CURRENT_PROJECT_VERSION = 1;
				GENERATE_INFOPLIST_FILE = YES;
				INFOPLIST_FILE = pilotohehe/Info.plist;
				INFOPLIST_KEY_UIApplicationSupportsIndirectInputEvents = YES;
				INFOPLIST_KEY_UILaunchStoryboardName = LaunchScreen;
				INFOPLIST_KEY_UIMainStoryboardFile = Main;
				INFOPLIST_KEY_UISupportedInterfaceOrientations_iPad = "UIInterfaceOrientationPortrait UIInterfaceOrientationPortraitUpsideDown UIInterfaceOrientationLandscapeLeft UIInterfaceOrientationLandscapeRight";
				INFOPLIST_KEY_UISupportedInterfaceOrientations_iPhone = "UIInterfaceOrientationPortrait UIInterfaceOrientationLandscapeLeft UIInterfaceOrientationLandscapeRight";
				LD_RUNPATH_SEARCH_PATHS = (
					"$(inherited)",
					"@executable_path/Frameworks",
				);
				MARKETING_VERSION = 1.0;
				PRODUCT_BUNDLE_IDENTIFIER = com.Matheus.pilotohehe;
				PRODUCT_NAME = "$(TARGET_NAME)";
				SWIFT_EMIT_LOC_STRINGS = YES;
				SWIFT_VERSION = 5.0;
				TARGETED_DEVICE_FAMILY = "1,2";
			};
			name = Debug;
		};
		E4B4EDCD291E79B300C546F3 /* Release */ = {
			isa = XCBuildConfiguration;
			buildSettings = {
				ASSETCATALOG_COMPILER_APPICON_NAME = AppIcon;
				ASSETCATALOG_COMPILER_GLOBAL_ACCENT_COLOR_NAME = AccentColor;
				CODE_SIGN_STYLE = Automatic;
				CURRENT_PROJECT_VERSION = 1;
				GENERATE_INFOPLIST_FILE = YES;
				INFOPLIST_FILE = pilotohehe/Info.plist;
				INFOPLIST_KEY_UIApplicationSupportsIndirectInputEvents = YES;
				INFOPLIST_KEY_UILaunchStoryboardName = LaunchScreen;
				INFOPLIST_KEY_UIMainStoryboardFile = Main;
				INFOPLIST_KEY_UISupportedInterfaceOrientations_iPad = "UIInterfaceOrientationPortrait UIInterfaceOrientationPortraitUpsideDown UIInterfaceOrientationLandscapeLeft UIInterfaceOrientationLandscapeRight";
				INFOPLIST_KEY_UISupportedInterfaceOrientations_iPhone = "UIInterfaceOrientationPortrait UIInterfaceOrientationLandscapeLeft UIInterfaceOrientationLandscapeRight";
				LD_RUNPATH_SEARCH_PATHS = (
					"$(inherited)",
					"@executable_path/Frameworks",
				);
				MARKETING_VERSION = 1.0;
				PRODUCT_BUNDLE_IDENTIFIER = com.Matheus.pilotohehe;
				PRODUCT_NAME = "$(TARGET_NAME)";
				SWIFT_EMIT_LOC_STRINGS = YES;
				SWIFT_VERSION = 5.0;
				TARGETED_DEVICE_FAMILY = "1,2";
			};
			name = Release;
		};
/* End XCBuildConfiguration section */

/* Begin XCConfigurationList section */
		E4B4EDB2291E79B200C546F3 /* Build configuration list for PBXProject "pilotohehe" */ = {
			isa = XCConfigurationList;
			buildConfigurations = (
				E4B4EDC9291E79B300C546F3 /* Debug */,
				E4B4EDCA291E79B300C546F3 /* Release */,
			);
			defaultConfigurationIsVisible = 0;
			defaultConfigurationName = Release;
		};
		E4B4EDCB291E79B300C546F3 /* Build configuration list for PBXNativeTarget "pilotohehe" */ = {
			isa = XCConfigurationList;
			buildConfigurations = (
				E4B4EDCC291E79B300C546F3 /* Debug */,
				E4B4EDCD291E79B300C546F3 /* Release */,
			);
			defaultConfigurationIsVisible = 0;
			defaultConfigurationName = Release;
		};
/* End XCConfigurationList section */
	};
	rootObject = E4B4EDAF291E79B200C546F3 /* Project object */;
}
